
Microsoft Visual Studio Solution File, Format Version 12.00
# Visual Studio 15
VisualStudioVersion = 15.0.27130.2036
MinimumVisualStudioVersion = 10.0.40219.1
Project("{FAE04EC0-301F-11D3-BF4B-00C04F79EFBC}") = "DEV_10", "DEV_10\DEV_10.csproj", "{29A98801-2D91-410F-B2F6-F2F17DFEA29B}"
EndProject
Global
	GlobalSection(SolutionConfigurationPlatforms) = preSolution
		Debug|Any CPU = Debug|Any CPU
		Release|Any CPU = Release|Any CPU
	EndGlobalSection
	GlobalSection(ProjectConfigurationPlatforms) = postSolution
		{29A98801-2D91-410F-B2F6-F2F17DFEA29B}.Debug|Any CPU.ActiveCfg = Debug|Any CPU
		{29A98801-2D91-410F-B2F6-F2F17DFEA29B}.Debug|Any CPU.Build.0 = Debug|Any CPU
		{29A98801-2D91-410F-B2F6-F2F17DFEA29B}.Release|Any CPU.ActiveCfg = Release|Any CPU
		{29A98801-2D91-410F-B2F6-F2F17DFEA29B}.Release|Any CPU.Build.0 = Release|Any CPU
	EndGlobalSection
	GlobalSection(SolutionProperties) = preSolution
		HideSolutionNode = FALSE
	EndGlobalSection
	GlobalSection(ExtensibilityGlobals) = postSolution
		SolutionGuid = {E65E99FF-3395-43D7-9370-8373D2AD62DE}
	EndGlobalSection
EndGlobal
