
Microsoft Visual Studio Solution File, Format Version 12.00
# Visual Studio 15
VisualStudioVersion = 15.0.27130.2036
MinimumVisualStudioVersion = 10.0.40219.1
Project("{FAE04EC0-301F-11D3-BF4B-00C04F79EFBC}") = "Task_6", "Task_6\Task_6.csproj", "{B703EEC1-F800-4381-9422-65197E9D077A}"
EndProject
Project("{FAE04EC0-301F-11D3-BF4B-00C04F79EFBC}") = "Task_6.Test", "Task_6.Test\Task_6.Test.csproj", "{864C84C4-8402-40C0-98C2-281B9EE50AB2}"
EndProject
Global
	GlobalSection(SolutionConfigurationPlatforms) = preSolution
		Debug|Any CPU = Debug|Any CPU
		Release|Any CPU = Release|Any CPU
	EndGlobalSection
	GlobalSection(ProjectConfigurationPlatforms) = postSolution
		{B703EEC1-F800-4381-9422-65197E9D077A}.Debug|Any CPU.ActiveCfg = Debug|Any CPU
		{B703EEC1-F800-4381-9422-65197E9D077A}.Debug|Any CPU.Build.0 = Debug|Any CPU
		{B703EEC1-F800-4381-9422-65197E9D077A}.Release|Any CPU.ActiveCfg = Release|Any CPU
		{B703EEC1-F800-4381-9422-65197E9D077A}.Release|Any CPU.Build.0 = Release|Any CPU
		{864C84C4-8402-40C0-98C2-281B9EE50AB2}.Debug|Any CPU.ActiveCfg = Debug|Any CPU
		{864C84C4-8402-40C0-98C2-281B9EE50AB2}.Debug|Any CPU.Build.0 = Debug|Any CPU
		{864C84C4-8402-40C0-98C2-281B9EE50AB2}.Release|Any CPU.ActiveCfg = Release|Any CPU
		{864C84C4-8402-40C0-98C2-281B9EE50AB2}.Release|Any CPU.Build.0 = Release|Any CPU
	EndGlobalSection
	GlobalSection(SolutionProperties) = preSolution
		HideSolutionNode = FALSE
	EndGlobalSection
	GlobalSection(ExtensibilityGlobals) = postSolution
		SolutionGuid = {52D77EA5-9E40-439E-BC07-524CD58A18ED}
	EndGlobalSection
EndGlobal
