
Microsoft Visual Studio Solution File, Format Version 12.00
# Visual Studio 15
VisualStudioVersion = 15.0.27130.2036
MinimumVisualStudioVersion = 10.0.40219.1
Project("{FAE04EC0-301F-11D3-BF4B-00C04F79EFBC}") = "DEV_7", "DEV_7\DEV_7.csproj", "{B5DF7687-19EC-4961-8A89-C77AE1CD39D6}"
EndProject
Global
	GlobalSection(SolutionConfigurationPlatforms) = preSolution
		Debug|Any CPU = Debug|Any CPU
		Release|Any CPU = Release|Any CPU
	EndGlobalSection
	GlobalSection(ProjectConfigurationPlatforms) = postSolution
		{B5DF7687-19EC-4961-8A89-C77AE1CD39D6}.Debug|Any CPU.ActiveCfg = Debug|Any CPU
		{B5DF7687-19EC-4961-8A89-C77AE1CD39D6}.Debug|Any CPU.Build.0 = Debug|Any CPU
		{B5DF7687-19EC-4961-8A89-C77AE1CD39D6}.Release|Any CPU.ActiveCfg = Release|Any CPU
		{B5DF7687-19EC-4961-8A89-C77AE1CD39D6}.Release|Any CPU.Build.0 = Release|Any CPU
	EndGlobalSection
	GlobalSection(SolutionProperties) = preSolution
		HideSolutionNode = FALSE
	EndGlobalSection
	GlobalSection(ExtensibilityGlobals) = postSolution
		SolutionGuid = {202C719A-FDB7-4849-B572-5ADB5B92BC83}
	EndGlobalSection
EndGlobal
